
Microsoft Visual Studio Solution File, Format Version 12.00
# Visual Studio Version 17
VisualStudioVersion = 17.3.32819.101
MinimumVisualStudioVersion = 10.0.40219.1
Project("{FAE04EC0-301F-11D3-BF4B-00C04F79EFBC}") = "RakenduseLoomine_Valkrusman", "RakenduseLoomine_Valkrusman\RakenduseLoomine_Valkrusman.csproj", "{F4632162-C893-4789-9199-4640B77E13D8}"
EndProject
Global
	GlobalSection(SolutionConfigurationPlatforms) = preSolution
		Debug|Any CPU = Debug|Any CPU
		Release|Any CPU = Release|Any CPU
	EndGlobalSection
	GlobalSection(ProjectConfigurationPlatforms) = postSolution
		{F4632162-C893-4789-9199-4640B77E13D8}.Debug|Any CPU.ActiveCfg = Debug|Any CPU
		{F4632162-C893-4789-9199-4640B77E13D8}.Debug|Any CPU.Build.0 = Debug|Any CPU
		{F4632162-C893-4789-9199-4640B77E13D8}.Release|Any CPU.ActiveCfg = Release|Any CPU
		{F4632162-C893-4789-9199-4640B77E13D8}.Release|Any CPU.Build.0 = Release|Any CPU
	EndGlobalSection
	GlobalSection(SolutionProperties) = preSolution
		HideSolutionNode = FALSE
	EndGlobalSection
	GlobalSection(ExtensibilityGlobals) = postSolution
		SolutionGuid = {3DB7B79E-F848-407D-9DB1-387ACB4FC01B}
	EndGlobalSection
EndGlobal
